github.com/PuerkitoBio/goquery v1.9.2 h1:4/wZksC3KgkQw7SQgkKotmKljk0M6V8TUvA8Wb4yPeE=
github.com/PuerkitoBio/goquery v1.9.2/go.mod h1:GHPCaP0ODyyxqcNoFGYlAprUFH81NuRPd0GX3Zu2Mvk=
github.com/PuerkitoBio/goquery v1.10.0 h1:6fiXdLuUvYs2OJSvNRqlNPoBm6YABE226xrbavY5Wv4=
github.com/PuerkitoBio/goquery v1.10.0/go.mod h1:TjZZl68Q3eGHNBA8CWaxAN7rOU1EbDz3CWuolcO5Yu4=
github.com/PuerkitoBio/goquery v1.10.1 h1:Y8JGYUkXWTGRB6Ars3+j3kN0xg1YqqlwvdTV8WTFQcU=
github.com/PuerkitoBio/goquery v1.10.1/go.mod h1:IYiHrOMps66ag56LEH7QYDDupKXyo5A8qrjIx3ZtujY=
github.com/PuerkitoBio/goquery v1.10.2 h1:7fh2BdHcG6VFZsK7toXBT/Bh1z5Wmy8Q9MV9HqT2AM8=
github.com/PuerkitoBio/goquery v1.10.2/go.mod h1:0guWGjcLu9AYC7C1GHnpysHy056u9aEkUHwhdnePMCU=
github.com/a-h/templ v0.2.663 h1:aa0WMm27InkYHGjimcM7us6hJ6BLhg98ZbfaiDPyjHE=
github.com/a-h/templ v0.2.663/go.mod h1:SA7mtYwVEajbIXFRh3vKdYm/4FYyLQAtPH1+KxzGPA8=
github.com/a-h/templ v0.2.680 h1:TflYFucxp5rmOxAXB9Xy3+QHTk8s8xG9+nCT/cLzjeE=
github.com/a-h/templ v0.2.680/go.mod h1:NQGQOycaPKBxRB14DmAaeIpcGC1AOBPJEMO4ozS7m90=
github.com/a-h/templ v0.2.697 h1:OILxtWvD0NRJaoCOiZCopRDPW8paroKlGsrAiHLykNE=
github.com/a-h/templ v0.2.697/go.mod h1:5cqsugkq9IerRNucNsI4DEamdHPsoGMQy99DzydLhM8=
github.com/a-h/templ v0.2.707 h1:T1Gkd2ugbRglZ9rYw/VBchWOSZVKmetDbBkm4YubM7U=
github.com/a-h/templ v0.2.707/go.mod h1:5cqsugkq9IerRNucNsI4DEamdHPsoGMQy99DzydLhM8=
github.com/a-h/templ v0.2.731 h1:yiv4C7whSUsa36y65O06DPr/U/j3+WGB0RmvLOoVFXc=
github.com/a-h/templ v0.2.731/go.mod h1:IejA/ecDD0ul0dCvgCwp9t7bUZXVpGClEAdsqZQigi8=
github.com/a-h/templ v0.2.747 h1:D0dQ2lxC3W7Dxl6fxQ/1zZHBQslSkTSvl5FxP/CfdKg=
github.com/a-h/templ v0.2.747/go.mod h1:69ObQIbrcuwPCU32ohNaWce3Cb7qM5GMiqN1K+2yop4=
github.com/a-h/templ v0.2.771 h1:4KH5ykNigYGGpCe0fRJ7/hzwz72k3qFqIiiLLJskbSo=
github.com/a-h/templ v0.2.771/go.mod h1:lq48JXoUvuQrU0VThrK31yFwdRjTCnIE5bcPCM9IP1w=
github.com/a-h/templ v0.2.778 h1:VzhOuvWECrwOec4790lcLlZpP4Iptt5Q4K9aFxQmtaM=
github.com/a-h/templ v0.2.778/go.mod h1:lq48JXoUvuQrU0VThrK31yFwdRjTCnIE5bcPCM9IP1w=
github.com/a-h/templ v0.2.793 h1:Io+/ocnfGWYO4VHdR0zBbf39PQlnzVCVVD+wEEs6/qY=
github.com/a-h/templ v0.2.793/go.mod h1:lq48JXoUvuQrU0VThrK31yFwdRjTCnIE5bcPCM9IP1w=
github.com/a-h/templ v0.3.819 h1:KDJ5jTFN15FyJnmSmo2gNirIqt7hfvBD2VXVDTySckM=
github.com/a-h/templ v0.3.819/go.mod h1:iDJKJktpttVKdWoTkRNNLcllRI+BlpopJc+8au3gOUo=
github.com/a-h/templ v0.3.833 h1:L/KOk/0VvVTBegtE0fp2RJQiBm7/52Zxv5fqlEHiQUU=
github.com/a-h/templ v0.3.833/go.mod h1:cAu4AiZhtJfBjMY0HASlyzvkrtjnHWPeEsyGK2YYmfk=
github.com/a-h/templ v0.3.850 h1:kNCe4CJABjY618ullJakyI5aP2RJ0JkTU04i0qgxFpI=
github.com/a-h/templ v0.3.850/go.mod h1:qhrhAkRFubE7khxLZHsBFHfX+gWwVNKbzKeF9GlPV4M=
github.com/a-h/templ v0.3.856 h1:rMSlGIaQCqctylqM49VinpN7LlrptrFj0dMbYDj9GEQ=
github.com/a-h/templ v0.3.856/go.mod h1:qhrhAkRFubE7khxLZHsBFHfX+gWwVNKbzKeF9GlPV4M=
github.com/andybalholm/cascadia v1.3.2 h1:3Xi6Dw5lHF15JtdcmAHD3i1+T8plmv7BQ/nsViSLyss=
github.com/andybalholm/cascadia v1.3.2/go.mod h1:7gtRlve5FxPPgIgX36uWBX58OdBsSS6lUvCFb+h7KvU=
github.com/andybalholm/cascadia v1.3.3 h1:AG2YHrzJIm4BZ19iwJ/DAua6Btl3IwJX+VI4kktS1LM=
github.com/andybalholm/cascadia v1.3.3/go.mod h1:xNd9bqTn98Ln4DwST8/nG+H0yuB8Hmgu1YHNnWw0GeA=
github.com/bsm/ginkgo/v2 v2.12.0 h1:Ny8MWAHyOepLGlLKYmXG4IEkioBysk6GpaRTLC8zwWs=
github.com/bsm/ginkgo/v2 v2.12.0/go.mod h1:SwYbGRRDovPVboqFv0tPTcG1sN61LM1Z4ARdbAV9g4c=
github.com/bsm/gomega v1.27.10 h1:yeMWxP2pV2fG3FgAODIY8EiRE3dy0aeFYt4l7wh6yKA=
github.com/bsm/gomega v1.27.10/go.mod h1:JyEr/xRbxbtgWNi8tIEVPUYZ5Dzef52k01W3YH0H+O0=
github.com/bytedance/gopkg v0.0.0-20240419070415-fefc805d4d2a h1:dRQG0V6DX4m+vJC9+EQX+jMbt7rrrlPmwWEEpTvACJM=
github.com/bytedance/gopkg v0.0.0-20240419070415-fefc805d4d2a/go.mod h1:FtQG3YbQG9L/91pbKSw787yBQPutC+457AvDW77fgUQ=
github.com/bytedance/gopkg v0.0.0-20240514070511-01b2cbcf35e1 h1:rT7Mm6uUpHeZQzfs2v0Mlj0SL02CzyVi+EB7VYPM/z4=
github.com/bytedance/gopkg v0.0.0-20240514070511-01b2cbcf35e1/go.mod h1:FtQG3YbQG9L/91pbKSw787yBQPutC+457AvDW77fgUQ=
github.com/bytedance/gopkg v0.0.0-20240531030433-5df24c0168e2 h1:e+WTWDw35RetW+Zuhcy4YPFmNPRh7yPG7lAaWJeUQl0=
github.com/bytedance/gopkg v0.0.0-20240531030433-5df24c0168e2/go.mod h1:FtQG3YbQG9L/91pbKSw787yBQPutC+457AvDW77fgUQ=
github.com/bytedance/gopkg v0.0.0-20240711085056-a03554c296f8 h1:rDwLxYTMoKHaw4cS0bQhaTZnkXp5e6ediCggGcRD/CA=
github.com/bytedance/gopkg v0.0.0-20240711085056-a03554c296f8/go.mod h1:FtQG3YbQG9L/91pbKSw787yBQPutC+457AvDW77fgUQ=
github.com/bytedance/gopkg v0.0.0-20240802064923-4d9cac1af28c h1:G8JOUDsAsOhMaC/mlYGgtN0eVqHxzecsdItivn4E51M=
github.com/bytedance/gopkg v0.0.0-20240802064923-4d9cac1af28c/go.mod h1:FtQG3YbQG9L/91pbKSw787yBQPutC+457AvDW77fgUQ=
github.com/bytedance/gopkg v0.1.0 h1:aAxB7mm1qms4Wz4sp8e1AtKDOeFLtdqvGiUe7aonRJs=
github.com/bytedance/gopkg v0.1.0/go.mod h1:FtQG3YbQG9L/91pbKSw787yBQPutC+457AvDW77fgUQ=
github.com/bytedance/gopkg v0.1.1 h1:3azzgSkiaw79u24a+w9arfH8OfnQQ4MHUt9lJFREEaE=
github.com/bytedance/gopkg v0.1.1/go.mod h1:576VvJ+eJgyCzdjS+c4+77QF3p7ubbtiKARP3TxducM=
github.com/cespare/xxhash/v2 v2.1.1/go.mod h1:VGX0DQ3Q6kWi7AoAeZDth3/j3BFtOZR5XLFGgcrjCOs=
github.com/cespare/xxhash/v2 v2.3.0 h1:UL815xU9SqsFlibzuggzjXhog7bL6oX9BbNZnL2UFvs=
github.com/cespare/xxhash/v2 v2.3.0/go.mod h1:VGX0DQ3Q6kWi7AoAeZDth3/j3BFtOZR5XLFGgcrjCOs=
github.com/davecgh/go-spew v1.1.0/go.mod h1:J7Y8YcW2NihsgmVo/mv3lAwl/skON4iLHjSsI+c5H38=
github.com/davecgh/go-spew v1.1.1/go.mod h1:J7Y8YcW2NihsgmVo/mv3lAwl/skON4iLHjSsI+c5H38=
github.com/davecgh/go-spew v1.1.2-0.20180830191138-d8f796af33cc h1:U9qPSI2PIWSS1VwoXQT9A3Wy9MM3WgvqSxFWenqJduM=
github.com/davecgh/go-spew v1.1.2-0.20180830191138-d8f796af33cc/go.mod h1:J7Y8YcW2NihsgmVo/mv3lAwl/skON4iLHjSsI+c5H38=
github.com/dgraph-io/ristretto v0.1.1 h1:6CWw5tJNgpegArSHpNHJKldNeq03FQCwYvfMVWajOK8=
github.com/dgraph-io/ristretto v0.1.1/go.mod h1:S1GPSBCYCIhmVNfcth17y2zZtQT6wzkzgwUve0VDWWA=
github.com/dgraph-io/ristretto v0.2.0 h1:XAfl+7cmoUDWW/2Lx8TGZQjjxIQ2Ley9DSf52dru4WE=
github.com/dgraph-io/ristretto v0.2.0/go.mod h1:8uBHCU/PBV4Ag0CJrP47b9Ofby5dqWNh4FicAdoqFNU=
github.com/dgraph-io/ristretto v1.0.0 h1:SYG07bONKMlFDUYu5pEu3DGAh8c2OFNzKm6G9J4Si84=
github.com/dgraph-io/ristretto v1.0.0/go.mod h1:jTi2FiYEhQ1NsMmA7DeBykizjOuY88NhKBkepyu1jPc=
github.com/dgraph-io/ristretto v1.0.1 h1:g3/HaHVSP+eC3kbryP9vjUY6IAW7jcGYRpj9wUVr0bU=
github.com/dgraph-io/ristretto v1.0.1/go.mod h1:TrOB7p4tcGX5Un6ppslIxtZaH2JLAk5GITV3TX2fuU8=
github.com/dgraph-io/ristretto/v2 v2.0.1/go.mod h1:K7caLeufSdxm+ITp1n/73U+VbFVAHrexfLbz4n14hpo=
github.com/dgraph-io/ristretto/v2 v2.1.0/go.mod h1:uejeqfYXpUomfse0+lO+13ATz4TypQYLJZzBSAemuB4=
github.com/dgryski/go-farm v0.0.0-20190423205320-6a90982ecee2 h1:tdlZCpZ/P9DhczCTSixgIKmwPv6+wP5DGjqLYw5SUiA=
github.com/dgryski/go-farm v0.0.0-20190423205320-6a90982ecee2/go.mod h1:SqUrOPUnsFjfmXRMNPybcSiG0BgUW2AuFH8PAnS2iTw=
github.com/dgryski/go-rendezvous v0.0.0-20200823014737-9f7001d12a5f h1:lO4WD4F/rVNCu3HqELle0jiPLLBs70cWOduZpkS1E78=
github.com/dgryski/go-rendezvous v0.0.0-20200823014737-9f7001d12a5f/go.mod h1:cuUVRXasLTGF7a8hSLbxyZXjz+1KgoB3wDUb6vlszIc=
github.com/dustin/go-humanize v1.0.0/go.mod h1:HtrtbFcZ19U5GC7JDqmcUSB87Iq5E25KnS6fMYU6eOk=
github.com/dustin/go-humanize v1.0.1 h1:GzkhY7T5VNhEkwH0PVJgjz+fX1rhBrR7pRT3mDkpeCY=
github.com/dustin/go-humanize v1.0.1/go.mod h1:Mu1zIs6XwVuF/gI1OepvI0qD18qycQx+mFykh5fBlto=
github.com/frankban/quicktest v1.14.6 h1:7Xjx+VpznH+oBnejlPUj8oUpdxnVs4f8XU8WnHkI4W8=
github.com/frankban/quicktest v1.14.6/go.mod h1:4ptaffx2x8+WTWXmUCuVU6aPUX1/Mz7zb5vbUoiM6w0=
github.com/fsnotify/fsnotify v1.7.0 h1:8JEhPFa5W2WU7YfeZzPNqzMP6Lwt7L2715Ggo0nosvA=
github.com/fsnotify/fsnotify v1.7.0/go.mod h1:40Bi/Hjc2AVfZrqy+aj+yEI+/bRxZnMJyTJwOpGvigM=
github.com/fsnotify/fsnotify v1.8.0 h1:dAwr6QBTBZIkG8roQaJjGof0pp0EeF+tNV7YBP3F/8M=
github.com/fsnotify/fsnotify v1.8.0/go.mod h1:8jBTzvmWwFyi3Pb8djgCCO5IBqzKJ/Jwo8TRcHyHii0=
github.com/fxamacker/cbor/v2 v2.6.0 h1:sU6J2usfADwWlYDAFhZBQ6TnLFBHxgesMrQfQgk1tWA=
github.com/fxamacker/cbor/v2 v2.6.0/go.mod h1:pxXPTn3joSm21Gbwsv0w9OSA2y1HFR9qXEeXQVeNoDQ=
github.com/fxamacker/cbor/v2 v2.7.0 h1:iM5WgngdRBanHcxugY4JySA0nk1wZorNOpTgCMedv5E=
github.com/fxamacker/cbor/v2 v2.7.0/go.mod h1:pxXPTn3joSm21Gbwsv0w9OSA2y1HFR9qXEeXQVeNoDQ=
github.com/gabriel-vasile/mimetype v1.4.3 h1:in2uUcidCuFcDKtdcBxlR0rJ1+fsokWf+uqxgUFjbI0=
github.com/gabriel-vasile/mimetype v1.4.3/go.mod h1:d8uq/6HKRL6CGdk+aubisF/M5GcPfT7nKyLpA0lbSSk=
github.com/gabriel-vasile/mimetype v1.4.8 h1:FfZ3gj38NjllZIeJAmMhr+qKL8Wu+nOoI3GqacKw1NM=
github.com/gabriel-vasile/mimetype v1.4.8/go.mod h1:ByKUIKGjh1ODkGM1asKUbQZOLGrPjydw3hYPU2YU9t8=
github.com/go-playground/assert/v2 v2.2.0 h1:JvknZsQTYeFEAhQwI4qEt9cyV5ONwRHC+lYKSsYSR8s=
github.com/go-playground/assert/v2 v2.2.0/go.mod h1:VDjEfimB/XKnb+ZQfWdccd7VUvScMdVu0Titje2rxJ4=
github.com/go-playground/locales v0.14.1 h1:EWaQ/wswjilfKLTECiXz7Rh+3BjFhfDFKv/oXslEjJA=
github.com/go-playground/locales v0.14.1/go.mod h1:hxrqLVvrK65+Rwrd5Fc6F2O76J/NuW9t0sjnWqG1slY=
github.com/go-playground/universal-translator v0.18.1 h1:Bcnm0ZwsGyWbCzImXv+pAJnYK9S473LQFuzCbDbfSFY=
github.com/go-playground/universal-translator v0.18.1/go.mod h1:xekY+UJKNuX9WP91TpwSH2VMlDf28Uj24BCp08ZFTUY=
github.com/go-playground/validator/v10 v10.20.0 h1:K9ISHbSaI0lyB2eWMPJo+kOS/FBExVwjEviJTixqxL8=
github.com/go-playground/validator/v10 v10.20.0/go.mod h1:dbuPbCMFw/DrkbEynArYaCwl3amGuJotoKCe95atGMM=
github.com/go-playground/validator/v10 v10.21.0 h1:4fZA11ovvtkdgaeev9RGWPgc1uj3H8W+rNYyH/ySBb0=
github.com/go-playground/validator/v10 v10.21.0/go.mod h1:dbuPbCMFw/DrkbEynArYaCwl3amGuJotoKCe95atGMM=
github.com/go-playground/validator/v10 v10.22.0 h1:k6HsTZ0sTnROkhS//R0O+55JgM8C4Bx7ia+JlgcnOao=
github.com/go-playground/validator/v10 v10.22.0/go.mod h1:dbuPbCMFw/DrkbEynArYaCwl3amGuJotoKCe95atGMM=
github.com/go-playground/validator/v10 v10.22.1 h1:40JcKH+bBNGFczGuoBYgX4I6m/i27HYW8P9FDk5PbgA=
github.com/go-playground/validator/v10 v10.22.1/go.mod h1:dbuPbCMFw/DrkbEynArYaCwl3amGuJotoKCe95atGMM=
github.com/go-playground/validator/v10 v10.23.0 h1:/PwmTwZhS0dPkav3cdK9kV1FsAmrL8sThn8IHr/sO+o=
github.com/go-playground/validator/v10 v10.23.0/go.mod h1:dbuPbCMFw/DrkbEynArYaCwl3amGuJotoKCe95atGMM=
github.com/go-playground/validator/v10 v10.24.0 h1:KHQckvo8G6hlWnrPX4NJJ+aBfWNAE/HH+qdL2cBpCmg=
github.com/go-playground/validator/v10 v10.24.0/go.mod h1:GGzBIJMuE98Ic/kJsBXbz1x/7cByt++cQ+YOuDM5wus=
github.com/go-playground/validator/v10 v10.25.0 h1:5Dh7cjvzR7BRZadnsVOzPhWsrwUr0nmsZJxEAnFLNO8=
github.com/go-playground/validator/v10 v10.25.0/go.mod h1:GGzBIJMuE98Ic/kJsBXbz1x/7cByt++cQ+YOuDM5wus=
github.com/go-viper/mapstructure/v2 v2.2.1 h1:ZAaOCxANMuZx5RCeg0mBdEZk7DZasvvZIxtHqx8aGss=
github.com/go-viper/mapstructure/v2 v2.2.1/go.mod h1:oJDH3BJKyqBA2TXFhDsKDGDTlndYOZ6rGS0BRZIxGhM=
github.com/golang-jwt/jwt v3.2.2+incompatible h1:IfV12K8xAKAnZqdXVzCZ+TOjboZ2keLg81eXfW3O+oY=
github.com/golang-jwt/jwt v3.2.2+incompatible/go.mod h1:8pz2t5EyA70fFQQSrl6XZXzqecmYZeUEB8OUGHkxJ+I=
github.com/golang-jwt/jwt/v5 v5.2.1 h1:OuVbFODueb089Lh128TAcimifWaLhJwVflnrgM17wHk=
github.com/golang-jwt/jwt/v5 v5.2.1/go.mod h1:pqrtFR0X4osieyHYxtmOUWsAWrfe1Q5UVIyoH402zdk=
github.com/golang-jwt/jwt/v5 v5.2.2 h1:Rl4B7itRWVtYIHFrSNd7vhTiz9UpLdi6gZhZ3wEeDy8=
github.com/golang-jwt/jwt/v5 v5.2.2/go.mod h1:pqrtFR0X4osieyHYxtmOUWsAWrfe1Q5UVIyoH402zdk=
github.com/golang/glog v0.0.0-20160126235308-23def4e6c14b/go.mod h1:SBH7ygxi8pfUlaOkMMuAQtPIUF8ecWP5IEl/CR7VP2Q=
github.com/golang/glog v1.2.1 h1:OptwRhECazUx5ix5TTWC3EZhsZEHWcYWY4FQHTIubm4=
github.com/golang/glog v1.2.1/go.mod h1:6AhwSGph0fcJtXVM/PEHPqZlFeoLxhs7/t5UDAwmO+w=
github.com/google/go-cmp v0.2.0/go.mod h1:oXzfMopK8JAjlY9xF4vHSVASa0yLyX7SntLO5aqRK0M=
github.com/google/go-cmp v0.6.0 h1:ofyhxvXcZhMsU5ulbFiLKl/XBFqE1GSq7atu8tAmTRI=
github.com/google/go-cmp v0.6.0/go.mod h1:17dUlkBOakJ0+DkrSSNjCkIjxS6bF9zb3elmeNGIjoY=
github.com/google/subcommands v1.2.0/go.mod h1:ZjhPrFU+Olkh9WazFPsl27BQ4UPiG37m3yTrtFlrHVk=
github.com/google/wire v0.6.0 h1:HBkoIh4BdSxoyo9PveV8giw7ZsaBOvzWKfcg/6MrVwI=
github.com/google/wire v0.6.0/go.mod h1:F4QhpQ9EDIdJ1Mbop/NZBRB+5yrR6qg3BnctaoUk6NA=
github.com/hashicorp/hcl v1.0.0 h1:0Anlzjpi4vEasTeNFn2mLJgTSwt0+6sfsiTG8qcWGx4=
github.com/hashicorp/hcl v1.0.0/go.mod h1:E5yfLk+7swimpb2L/Alb/PJmXilQ/rhwaUYs4T20WEQ=
github.com/jackc/pgpassfile v1.0.0 h1:/6Hmqy13Ss2zCq62VdNG8tM1wchn8zjSGOBJ6icpsIM=
github.com/jackc/pgpassfile v1.0.0/go.mod h1:CEx0iS5ambNFdcRtxPj5JhEz+xB6uRky5eyVu/W2HEg=
github.com/jackc/pgservicefile v0.0.0-20231201235250-de7065d80cb9 h1:L0QtFUgDarD7Fpv9jeVMgy/+Ec0mtnmYuImjTz6dtDA=
github.com/jackc/pgservicefile v0.0.0-20231201235250-de7065d80cb9/go.mod h1:5TJZWKEWniPve33vlWYSoGYefn3gLQRzjfDlhSJ9ZKM=
github.com/jackc/pgservicefile v0.0.0-20240606120523-5a60cdf6a761 h1:iCEnooe7UlwOQYpKFhBabPMi4aNAfoODPEFNiAnClxo=
github.com/jackc/pgservicefile v0.0.0-20240606120523-5a60cdf6a761/go.mod h1:5TJZWKEWniPve33vlWYSoGYefn3gLQRzjfDlhSJ9ZKM=
github.com/jackc/pgx/v5 v5.5.5 h1:amBjrZVmksIdNjxGW/IiIMzxMKZFelXbUoPNb+8sjQw=
github.com/jackc/pgx/v5 v5.5.5/go.mod h1:ez9gk+OAat140fv9ErkZDYFWmXLfV+++K0uAOiwgm1A=
github.com/jackc/pgx/v5 v5.6.0 h1:SWJzexBzPL5jb0GEsrPMLIsi/3jOo7RHlzTjcAeDrPY=
github.com/jackc/pgx/v5 v5.6.0/go.mod h1:DNZ/vlrUnhWCoFGxHAG8U2ljioxukquj7utPDgtQdTw=
github.com/jackc/pgx/v5 v5.7.0 h1:FG6VLIdzvAPhnYqP14sQ2xhFLkiUQHCs6ySqO91kF4g=
github.com/jackc/pgx/v5 v5.7.0/go.mod h1:awP1KNnjylvpxHuHP63gzjhnGkI1iw+PMoIwvoleN/8=
github.com/jackc/pgx/v5 v5.7.1 h1:x7SYsPBYDkHDksogeSmZZ5xzThcTgRz++I5E+ePFUcs=
github.com/jackc/pgx/v5 v5.7.1/go.mod h1:e7O26IywZZ+naJtWWos6i6fvWK+29etgITqrqHLfoZA=
github.com/jackc/pgx/v5 v5.7.2 h1:mLoDLV6sonKlvjIEsV56SkWNCnuNv531l94GaIzO+XI=
github.com/jackc/pgx/v5 v5.7.2/go.mod h1:ncY89UGWxg82EykZUwSpUKEfccBGGYq1xjrOpsbsfGQ=
github.com/jackc/pgx/v5 v5.7.3 h1:PO1wNKj/bTAwxSJnO1Z4Ai8j4magtqg2SLNjEDzcXQo=
github.com/jackc/pgx/v5 v5.7.3/go.mod h1:ncY89UGWxg82EykZUwSpUKEfccBGGYq1xjrOpsbsfGQ=
github.com/jackc/pgx/v5 v5.7.4 h1:9wKznZrhWa2QiHL+NjTSPP6yjl3451BX3imWDnokYlg=
github.com/jackc/pgx/v5 v5.7.4/go.mod h1:ncY89UGWxg82EykZUwSpUKEfccBGGYq1xjrOpsbsfGQ=
github.com/jackc/puddle/v2 v2.2.1 h1:RhxXJtFG022u4ibrCSMSiu5aOq1i77R3OHKNJj77OAk=
github.com/jackc/puddle/v2 v2.2.1/go.mod h1:vriiEXHvEE654aYKXXjOvZM39qJ0q+azkZFrfEOc3H4=
github.com/jackc/puddle/v2 v2.2.2 h1:PR8nw+E/1w0GLuRFSmiioY6UooMp6KJv0/61nB7icHo=
github.com/jackc/puddle/v2 v2.2.2/go.mod h1:vriiEXHvEE654aYKXXjOvZM39qJ0q+azkZFrfEOc3H4=
github.com/kr/pretty v0.3.1 h1:flRD4NNwYAUpkphVc1HcthR4KEIFJ65n8Mw5qdRn3LE=
github.com/kr/pretty v0.3.1/go.mod h1:hoEshYVHaxMs3cyo3Yncou5ZscifuDolrwPKZanG3xk=
github.com/kr/text v0.2.0 h1:5Nx0Ya0ZqY2ygV366QzturHI13Jq95ApcVaJBhpS+AY=
github.com/kr/text v0.2.0/go.mod h1:eLer722TekiGuMkidMxC/pM04lWEeraHUUmBw8l2grE=
github.com/labstack/echo/v4 v4.12.0 h1:IKpw49IMryVB2p1a4dzwlhP1O2Tf2E0Ir/450lH+kI0=
github.com/labstack/echo/v4 v4.12.0/go.mod h1:UP9Cr2DJXbOK3Kr9ONYzNowSh7HP0aG0ShAyycHSJvM=
github.com/labstack/echo/v4 v4.13.0 h1:8DjSi4H/k+RqoOmwXkxW14A2H1pdPdS95+qmdJ4q1Tg=
github.com/labstack/echo/v4 v4.13.0/go.mod h1:61j7WN2+bp8V21qerqRs4yVlVTGyOagMBpF0vE7VcmM=
github.com/labstack/echo/v4 v4.13.1 h1:q3+CpQlYhJwpRr9+08pX0IdlabTIpnIhrg2AKPSKhFE=
github.com/labstack/echo/v4 v4.13.1/go.mod h1:61j7WN2+bp8V21qerqRs4yVlVTGyOagMBpF0vE7VcmM=
github.com/labstack/echo/v4 v4.13.2 h1:9aAt4hstpH54qIcqkuUXRLTf+v7yOTfMPWzDtuqLmtA=
github.com/labstack/echo/v4 v4.13.2/go.mod h1:uc9gDtHB8UWt3FfbYx0HyxcCuvR4YuPYOxF/1QjoV/c=
github.com/labstack/echo/v4 v4.13.3 h1:pwhpCPrTl5qry5HRdM5FwdXnhXSLSY+WE+YQSeCaafY=
github.com/labstack/echo/v4 v4.13.3/go.mod h1:o90YNEeQWjDozo584l7AwhJMHN0bOC4tAfg+Xox9q5g=
github.com/labstack/gommon v0.4.2 h1:F8qTUNXgG1+6WQmqoUWnz8WiEU60mXVVw0P4ht1WRA0=
github.com/labstack/gommon v0.4.2/go.mod h1:QlUFxVM+SNXhDL/Z7YhocGIBYOiwB0mXm1+1bAPHPyU=
github.com/leodido/go-urn v1.4.0 h1:WT9HwE9SGECu3lg4d/dIA+jxlljEa1/ffXKmRjqdmIQ=
github.com/leodido/go-urn v1.4.0/go.mod h1:bvxc+MVxLKB4z00jd1z+Dvzr47oO32F/QSNjSBOlFxI=
github.com/magiconair/properties v1.8.7 h1:IeQXZAiQcpL9mgcAe1Nu6cX9LLw6ExEHKjN0VQdvPDY=
github.com/magiconair/properties v1.8.7/go.mod h1:Dhd985XPs7jluiymwWYZ0G4Z61jb3vdS329zhj2hYo0=
github.com/mattn/go-colorable v0.1.13 h1:fFA4WZxdEF4tXPZVKMLwD8oUnCTTo08duU7wxecdEvA=
github.com/mattn/go-colorable v0.1.13/go.mod h1:7S9/ev0klgBDR4GtXTXX8a3vIGJpMovkB8vQcUbaXHg=
github.com/mattn/go-isatty v0.0.16/go.mod h1:kYGgaQfpe5nmfYZH+SKPsOc2e4SrIfOl2e/yFXSvRLM=
github.com/mattn/go-isatty v0.0.20 h1:xfD0iDuEKnDkl03q4limB+vH+GxLEtL/jb4xVJSWWEY=
github.com/mattn/go-isatty v0.0.20/go.mod h1:W+V8PltTTMOvKvAeJH7IuucS94S2C6jfK/D7dTCTo3Y=
github.com/mitchellh/mapstructure v1.5.0 h1:jeMsZIYE/09sWLaz43PL7Gy6RuMjD2eJVyuac5Z2hdY=
github.com/mitchellh/mapstructure v1.5.0/go.mod h1:bFUtVrKA4DC2yAKiSyO/QUcy7e+RRV2QTWOzhPopBRo=
github.com/pelletier/go-toml/v2 v2.2.2 h1:aYUidT7k73Pcl9nb2gScu7NSrKCSHIDE89b3+6Wq+LM=
github.com/pelletier/go-toml/v2 v2.2.2/go.mod h1:1t835xjRzz80PqgE6HHgN2JOsmgYu/h4qDAS4n929Rs=
github.com/pelletier/go-toml/v2 v2.2.3 h1:YmeHyLY8mFWbdkNWwpr+qIL2bEqT0o95WSdkNHvL12M=
github.com/pelletier/go-toml/v2 v2.2.3/go.mod h1:MfCQTFTvCcUyyvvwm1+G6H/jORL20Xlb6rzQu9GuUkc=
github.com/pkg/errors v0.9.1 h1:FEBLx1zS214owpjy7qsBeixbURkuhQAwrK5UwLGTwt4=
github.com/pkg/errors v0.9.1/go.mod h1:bwawxfHBFNV+L2hUp1rHADufV3IMtnDRdf1r5NINEl0=
github.com/pmezard/go-difflib v1.0.0/go.mod h1:iKH77koFhYxTK1pcRnkKkqfTogsbg7gZNVY4sRDYZ/4=
github.com/pmezard/go-difflib v1.0.1-0.20181226105442-5d4384ee4fb2 h1:Jamvg5psRIccs7FGNTlIRMkT8wgtp5eCXdBlqhYGL6U=
github.com/pmezard/go-difflib v1.0.1-0.20181226105442-5d4384ee4fb2/go.mod h1:iKH77koFhYxTK1pcRnkKkqfTogsbg7gZNVY4sRDYZ/4=
github.com/redis/go-redis/v9 v9.5.1 h1:H1X4D3yHPaYrkL5X06Wh6xNVM/pX0Ft4RV0vMGvLBh8=
github.com/redis/go-redis/v9 v9.5.1/go.mod h1:hdY0cQFCN4fnSYT6TkisLufl/4W5UIXyv0b/CLO2V2M=
github.com/redis/go-redis/v9 v9.5.2 h1:L0L3fcSNReTRGyZ6AqAEN0K56wYeYAwapBIhkvh0f3E=
github.com/redis/go-redis/v9 v9.5.2/go.mod h1:hdY0cQFCN4fnSYT6TkisLufl/4W5UIXyv0b/CLO2V2M=
github.com/redis/go-redis/v9 v9.5.3 h1:fOAp1/uJG+ZtcITgZOfYFmTKPE7n4Vclj1wZFgRciUU=
github.com/redis/go-redis/v9 v9.5.3/go.mod h1:hdY0cQFCN4fnSYT6TkisLufl/4W5UIXyv0b/CLO2V2M=
github.com/redis/go-redis/v9 v9.5.4 h1:vOFYDKKVgrI5u++QvnMT7DksSMYg7Aw/Np4vLJLKLwY=
github.com/redis/go-redis/v9 v9.5.4/go.mod h1:hdY0cQFCN4fnSYT6TkisLufl/4W5UIXyv0b/CLO2V2M=
github.com/redis/go-redis/v9 v9.6.0 h1:NLck+Rab3AOTHw21CGRpvQpgTrAU4sgdCswqGtlhGRA=
github.com/redis/go-redis/v9 v9.6.0/go.mod h1:hdY0cQFCN4fnSYT6TkisLufl/4W5UIXyv0b/CLO2V2M=
github.com/redis/go-redis/v9 v9.6.1 h1:HHDteefn6ZkTtY5fGUE8tj8uy85AHk6zP7CpzIAM0y4=
github.com/redis/go-redis/v9 v9.6.1/go.mod h1:0C0c6ycQsdpVNQpxb1njEQIqkx5UcsM8FJCQLgE9+RA=
github.com/redis/go-redis/v9 v9.6.2 h1:w0uvkRbc9KpgD98zcvo5IrVUsn0lXpRMuhNgiHDJzdk=
github.com/redis/go-redis/v9 v9.6.2/go.mod h1:0C0c6ycQsdpVNQpxb1njEQIqkx5UcsM8FJCQLgE9+RA=
github.com/redis/go-redis/v9 v9.7.0 h1:HhLSs+B6O021gwzl+locl0zEDnyNkxMtf/Z3NNBMa9E=
github.com/redis/go-redis/v9 v9.7.0/go.mod h1:f6zhXITC7JUJIlPEiBOTXxJgPLdZcA93GewI7inzyWw=
github.com/redis/go-redis/v9 v9.7.1 h1:4LhKRCIduqXqtvCUlaq9c8bdHOkICjDMrr1+Zb3osAc=
github.com/redis/go-redis/v9 v9.7.1/go.mod h1:f6zhXITC7JUJIlPEiBOTXxJgPLdZcA93GewI7inzyWw=
github.com/redis/go-redis/v9 v9.7.3 h1:YpPyAayJV+XErNsatSElgRZZVCwXX9QzkKYNvO7x0wM=
github.com/redis/go-redis/v9 v9.7.3/go.mod h1:bGUrSggJ9X9GUmZpZNEOQKaANxSGgOEBRltRTZHSvrA=
github.com/rogpeppe/go-internal v1.12.0 h1:exVL4IDcn6na9z1rAb56Vxr+CgyK3nn3O+epU5NdKM8=
github.com/rogpeppe/go-internal v1.12.0/go.mod h1:E+RYuTGaKKdloAfM02xzb0FW3Paa99yedzYV+kq4uf4=
github.com/sagikazarmark/locafero v0.4.0 h1:HApY1R9zGo4DBgr7dqsTH/JJxLTTsOt7u6keLGt6kNQ=
github.com/sagikazarmark/locafero v0.4.0/go.mod h1:Pe1W6UlPYUk/+wc/6KFhbORCfqzgYEpgQ3O5fPuL3H4=
github.com/sagikazarmark/locafero v0.7.0 h1:5MqpDsTGNDhY8sGp0Aowyf0qKsPrhewaLSsFaodPcyo=
github.com/sagikazarmark/locafero v0.7.0/go.mod h1:2za3Cg5rMaTMoG/2Ulr9AwtFaIppKXTRYnozin4aB5k=
github.com/sagikazarmark/slog-shim v0.1.0 h1:diDBnUNK9N/354PgrxMywXnAwEr1QZcOr6gto+ugjYE=
github.com/sagikazarmark/slog-shim v0.1.0/go.mod h1:SrcSrq8aKtyuqEI1uvTDTK1arOWRIczQRv+GVI1AkeQ=
github.com/sourcegraph/conc v0.3.0 h1:OQTbbt6P72L20UqAkXXuLOj79LfEanQ+YQFNpLA9ySo=
github.com/sourcegraph/conc v0.3.0/go.mod h1:Sdozi7LEKbFPqYX2/J+iBAM6HpqSLTASQIKqDmF7Mt0=
github.com/spf13/afero v1.11.0 h1:WJQKhtpdm3v2IzqG8VMqrr6Rf3UYpEF239Jy9wNepM8=
github.com/spf13/afero v1.11.0/go.mod h1:GH9Y3pIexgf1MTIWtNGyogA5MwRIDXGUr+hbWNoBjkY=
github.com/spf13/afero v1.12.0 h1:UcOPyRBYczmFn6yvphxkn9ZEOY65cpwGKb5mL36mrqs=
github.com/spf13/afero v1.12.0/go.mod h1:ZTlWwG4/ahT8W7T0WQ5uYmjI9duaLQGy3Q2OAl4sk/4=
github.com/spf13/cast v1.6.0 h1:GEiTHELF+vaR5dhz3VqZfFSzZjYbgeKDpBxQVS4GYJ0=
github.com/spf13/cast v1.6.0/go.mod h1:ancEpBxwJDODSW/UG4rDrAqiKolqNNh2DX3mk86cAdo=
github.com/spf13/cast v1.7.1 h1:cuNEagBQEHWN1FnbGEjCXL2szYEXqfJPbP2HNUaca9Y=
github.com/spf13/cast v1.7.1/go.mod h1:ancEpBxwJDODSW/UG4rDrAqiKolqNNh2DX3mk86cAdo=
github.com/spf13/pflag v1.0.5 h1:iy+VFUOCP1a+8yFto/drg2CJ5u0yRoB7fZw3DKv/JXA=
github.com/spf13/pflag v1.0.5/go.mod h1:McXfInJRrz4CZXVZOBLb0bTZqETkiAhM9Iw0y3An2Bg=
github.com/spf13/pflag v1.0.6 h1:jFzHGLGAlb3ruxLB8MhbI6A8+AQX/2eW4qeyNZXNp2o=
github.com/spf13/pflag v1.0.6/go.mod h1:McXfInJRrz4CZXVZOBLb0bTZqETkiAhM9Iw0y3An2Bg=
github.com/spf13/viper v1.18.2 h1:LUXCnvUvSM6FXAsj6nnfc8Q2tp1dIgUfY9Kc8GsSOiQ=
github.com/spf13/viper v1.18.2/go.mod h1:EKmWIqdnk5lOcmR72yw6hS+8OPYcwD0jteitLMVB+yk=
github.com/spf13/viper v1.19.0 h1:RWq5SEjt8o25SROyN3z2OrDB9l7RPd3lwTWU8EcEdcI=
github.com/spf13/viper v1.19.0/go.mod h1:GQUN9bilAbhU/jgc1bKs99f/suXKeUMct8Adx5+Ntkg=
github.com/spf13/viper v1.20.0 h1:zrxIyR3RQIOsarIrgL8+sAvALXul9jeEPa06Y0Ph6vY=
github.com/spf13/viper v1.20.0/go.mod h1:P9Mdzt1zoHIG8m2eZQinpiBjo6kCmZSKBClNNqjJvu4=
github.com/stretchr/objx v0.1.0/go.mod h1:HFkY916IF+rwdDfMAkV7OtwuqBVzrE8GR6GFx+wExME=
github.com/stretchr/objx v0.4.0/go.mod h1:YvHI0jy2hoMjB+UWwv71VJQ9isScKT/TqJzVSSt89Yw=
github.com/stretchr/objx v0.5.0/go.mod h1:Yh+to48EsGEfYuaHDzXPcE3xhTkx73EhmCGUpEOglKo=
github.com/stretchr/objx v0.5.2/go.mod h1:FRsXN1f5AsAjCGJKqEizvkpNtU+EGNCLh3NxZ/8L+MA=
github.com/stretchr/testify v1.3.0/go.mod h1:M5WIy9Dh21IEIfnGCwXGc5bZfKNJtfHm1UVUgZn+9EI=
github.com/stretchr/testify v1.4.0/go.mod h1:j7eGeouHqKxXV5pUuKE4zz7dFj8WfuZ+81PSLYec5m4=
github.com/stretchr/testify v1.7.0/go.mod h1:6Fq8oRcR53rry900zMqJjRRixrwX3KX962/h/Wwjteg=
github.com/stretchr/testify v1.7.1/go.mod h1:6Fq8oRcR53rry900zMqJjRRixrwX3KX962/h/Wwjteg=
github.com/stretchr/testify v1.8.0/go.mod h1:yNjHg4UonilssWZ8iaSj1OCr/vHnekPRkoO+kdMU+MU=
github.com/stretchr/testify v1.8.4/go.mod h1:sz/lmYIOXD/1dqDmKjjqLyZ2RngseejIcXlSw2iwfAo=
github.com/stretchr/testify v1.9.0 h1:HtqpIVDClZ4nwg75+f6Lvsy/wHu+3BoSGCbBAcpTsTg=
github.com/stretchr/testify v1.9.0/go.mod h1:r2ic/lqez/lEtzL7wO/rwa5dbSLXVDPFyf8C91i36aY=
github.com/stretchr/testify v1.10.0 h1:Xv5erBjTwe/5IxqUQTdXv5kgmIvbHo3QQyRwhJsOfJA=
github.com/stretchr/testify v1.10.0/go.mod h1:r2ic/lqez/lEtzL7wO/rwa5dbSLXVDPFyf8C91i36aY=
github.com/subosito/gotenv v1.6.0 h1:9NlTDc1FTs4qu0DDq7AEtTPNw6SVm7uBMsUCUjABIf8=
github.com/subosito/gotenv v1.6.0/go.mod h1:Dk4QP5c2W3ibzajGcXpNraDfq2IrhjMIvMSWPKKo0FU=
github.com/valyala/bytebufferpool v1.0.0 h1:GqA5TC/0021Y/b9FG4Oi9Mr3q7XYx6KllzawFIhcdPw=
github.com/valyala/bytebufferpool v1.0.0/go.mod h1:6bBcMArwyJ5K/AmCkWv1jt77kVWyCJ6HpOuEn7z0Csc=
github.com/valyala/fasttemplate v1.2.2 h1:lxLXG0uE3Qnshl9QyaK6XJxMXlQZELvChBOCmQD0Loo=
github.com/valyala/fasttemplate v1.2.2/go.mod h1:KHLXt3tVN2HBp8eijSv/kGJopbvo7S+qRAEEKiv+SiQ=
github.com/wagslane/go-password-validator v0.3.0 h1:vfxOPzGHkz5S146HDpavl0cw1DSVP061Ry2PX0/ON6I=
github.com/wagslane/go-password-validator v0.3.0/go.mod h1:TI1XJ6T5fRdRnHqHt14pvy1tNVnrwe7m3/f1f2fDphQ=
github.com/x448/float16 v0.8.4 h1:qLwI1I70+NjRFUR3zs1JPUCgaCXSh3SW62uAKT1mSBM=
github.com/x448/float16 v0.8.4/go.mod h1:14CWIYCyZA/cWjXOioeEpHeN/83MdbZDRQHoFcYsOfg=
github.com/yuin/goldmark v1.4.13/go.mod h1:6yULJ656Px+3vBD8DxQVa3kxgyrAnzto9xy5taEt/CY=
go.uber.org/multierr v1.11.0 h1:blXXJkSxSSfBVBlC76pxqeO+LN3aDfLQo+309xJstO0=
go.uber.org/multierr v1.11.0/go.mod h1:20+QtiLqy0Nd6FdQB9TLXag12DsQkrbs3htMFfDN80Y=
golang.org/x/crypto v0.0.0-20190308221718-c2843e01d9a2/go.mod h1:djNgcEr1/C05ACkg1iLfiJU5Ep61QUkGW8qpdssI0+w=
golang.org/x/crypto v0.0.0-20210921155107-089bfa567519/go.mod h1:GvvjBRRGRdwPK5ydBHafDWAxML/pGHZbMvKqRZ5+Abc=
golang.org/x/crypto v0.13.0/go.mod h1:y6Z2r+Rw4iayiXXAIxJIDAJ1zMW4yaTpebo8fPOliYc=
golang.org/x/crypto v0.18.0/go.mod h1:R0j02AL6hcrfOiy9T4ZYp/rcWeMxM3L6QYxlOuEG1mg=
golang.org/x/crypto v0.19.0/go.mod h1:Iy9bg/ha4yyC70EfRS8jz+B6ybOBKMaSxLj6P6oBDfU=
golang.org/x/crypto v0.23.0 h1:dIJU/v2J8Mdglj/8rJ6UUOM3Zc9zLZxVZwwxMooUSAI=
golang.org/x/crypto v0.23.0/go.mod h1:CKFgDieR+mRhux2Lsu27y0fO304Db0wZe70UKqHu0v8=
golang.org/x/crypto v0.24.0 h1:mnl8DM0o513X8fdIkmyFE/5hTYxbwYOjDS/+rK6qpRI=
golang.org/x/crypto v0.24.0/go.mod h1:Z1PMYSOR5nyMcyAVAIQSKCDwalqy85Aqn1x3Ws4L5DM=
golang.org/x/crypto v0.25.0 h1:ypSNr+bnYL2YhwoMt2zPxHFmbAN1KZs/njMG3hxUp30=
golang.org/x/crypto v0.25.0/go.mod h1:T+wALwcMOSE0kXgUAnPAHqTLW+XHgcELELW8VaDgm/M=
golang.org/x/crypto v0.26.0 h1:RrRspgV4mU+YwB4FYnuBoKsUapNIL5cohGAmSH3azsw=
golang.org/x/crypto v0.26.0/go.mod h1:GY7jblb9wI+FOo5y8/S2oY4zWP07AkOJ4+jxCqdqn54=
golang.org/x/crypto v0.27.0 h1:GXm2NjJrPaiv/h1tb2UH8QfgC/hOf/+z0p6PT8o1w7A=
golang.org/x/crypto v0.27.0/go.mod h1:1Xngt8kV6Dvbssa53Ziq6Eqn0HqbZi5Z6R0ZpwQzt70=
golang.org/x/crypto v0.28.0 h1:GBDwsMXVQi34v5CCYUm2jkJvu4cbtru2U4TN2PSyQnw=
golang.org/x/crypto v0.28.0/go.mod h1:rmgy+3RHxRZMyY0jjAJShp2zgEdOqj2AO7U0pYmeQ7U=
golang.org/x/crypto v0.29.0 h1:L5SG1JTTXupVV3n6sUqMTeWbjAyfPwoda2DLX8J8FrQ=
golang.org/x/crypto v0.29.0/go.mod h1:+F4F4N5hv6v38hfeYwTdx20oUvLLc+QfrE9Ax9HtgRg=
golang.org/x/crypto v0.30.0 h1:RwoQn3GkWiMkzlX562cLB7OxWvjH1L8xutO2WoJcRoY=
golang.org/x/crypto v0.30.0/go.mod h1:kDsLvtWBEx7MV9tJOj9bnXsPbxwJQ6csT/x4KIN4Ssk=
golang.org/x/crypto v0.31.0 h1:ihbySMvVjLAeSH1IbfcRTkD/iNscyz8rGzjF/E5hV6U=
golang.org/x/crypto v0.31.0/go.mod h1:kDsLvtWBEx7MV9tJOj9bnXsPbxwJQ6csT/x4KIN4Ssk=
golang.org/x/crypto v0.32.0 h1:euUpcYgM8WcP71gNpTqQCn6rC2t6ULUPiOzfWaXVVfc=
golang.org/x/crypto v0.32.0/go.mod h1:ZnnJkOaASj8g0AjIduWNlq2NRxL0PlBrbKVyZ6V/Ugc=
golang.org/x/crypto v0.33.0 h1:IOBPskki6Lysi0lo9qQvbxiQ+FvsCC/YWOecCHAixus=
golang.org/x/crypto v0.33.0/go.mod h1:bVdXmD7IV/4GdElGPozy6U7lWdRXA4qyRVGJV57uQ5M=
golang.org/x/crypto v0.34.0 h1:+/C6tk6rf/+t5DhUketUbD1aNGqiSX3j15Z6xuIDlBA=
golang.org/x/crypto v0.34.0/go.mod h1:dy7dXNW32cAb/6/PRuTNsix8T+vJAqvuIy5Bli/x0YQ=
golang.org/x/crypto v0.35.0 h1:b15kiHdrGCHrP6LvwaQ3c03kgNhhiMgvlhxHQhmg2Xs=
golang.org/x/crypto v0.35.0/go.mod h1:dy7dXNW32cAb/6/PRuTNsix8T+vJAqvuIy5Bli/x0YQ=
golang.org/x/crypto v0.36.0 h1:AnAEvhDddvBdpY+uR+MyHmuZzzNqXSe/GvuDeob5L34=
golang.org/x/crypto v0.36.0/go.mod h1:Y4J0ReaxCR1IMaabaSMugxJES1EpwhBHhv2bDHklZvc=
golang.org/x/exp v0.0.0-20240416160154-fe59bbe5cc7f h1:99ci1mjWVBWwJiEKYY6jWa4d2nTQVIEhZIptnrVb1XY=
golang.org/x/exp v0.0.0-20240416160154-fe59bbe5cc7f/go.mod h1:/lliqkxwWAhPjf5oSOIJup2XcqJaw8RGS6k3TGEc7GI=
golang.org/x/mod v0.6.0-dev.0.20220419223038-86c51ed26bb4/go.mod h1:jJ57K6gSWd91VN4djpZkiMVwK6gcyfeH4XE8wZrZaV4=
golang.org/x/mod v0.8.0/go.mod h1:iBbtSCu2XBx23ZKBPSOrRkjjQPZFPuis4dIYUhu/chs=
golang.org/x/mod v0.12.0/go.mod h1:iBbtSCu2XBx23ZKBPSOrRkjjQPZFPuis4dIYUhu/chs=
golang.org/x/mod v0.14.0/go.mod h1:hTbmBsO62+eylJbnUtE2MGJUyE7QWk4xUqPFrRgJ+7c=
golang.org/x/mod v0.15.0/go.mod h1:hTbmBsO62+eylJbnUtE2MGJUyE7QWk4xUqPFrRgJ+7c=
golang.org/x/mod v0.17.0/go.mod h1:hTbmBsO62+eylJbnUtE2MGJUyE7QWk4xUqPFrRgJ+7c=
golang.org/x/net v0.0.0-20190620200207-3b0461eec859/go.mod h1:z5CRVTTTmAJ677TzLLGU+0bjPO0LkuOLi4/5GtJWs/s=
golang.org/x/net v0.0.0-20210226172049-e18ecbb05110/go.mod h1:m0MpNAwzfU5UDzcl9v0D8zg8gWTRqZa9RBIspLL5mdg=
golang.org/x/net v0.0.0-20220722155237-a158d28d115b/go.mod h1:XRhObCWvk6IyKnWLug+ECip1KBveYUHfp+8e9klMJ9c=
golang.org/x/net v0.0.0-20221014081412-f15817d10f9b/go.mod h1:YDH+HFinaLZZlnHAfSS6ZXJJ9M9t4Dl22yv3iI2vPwk=
golang.org/x/net v0.6.0/go.mod h1:2Tu9+aMcznHK/AK1HMvgo6xiTLG5rD5rZLDS+rp2Bjs=
golang.org/x/net v0.9.0/go.mod h1:d48xBJpPfHeWQsugry2m+kC02ZBRGRgulfHnEXEuWns=
golang.org/x/net v0.10.0/go.mod h1:0qNGK6F8kojg2nk9dLZ2mShWaEBan6FAoqfSigmmuDg=
golang.org/x/net v0.15.0/go.mod h1:idbUs1IY1+zTqbi8yxTbhexhEEk5ur9LInksu6HrEpk=
golang.org/x/net v0.20.0/go.mod h1:z8BVo6PvndSri0LbOE3hAn0apkU+1YvI6E70E9jsnvY=
golang.org/x/net v0.21.0/go.mod h1:bIjVDfnllIU7BJ2DNgfnXvpSvtn8VRwhlsaeUTyUS44=
golang.org/x/net v0.25.0 h1:d/OCCoBEUq33pjydKrGQhw7IlUPI2Oylr+8qLx49kac=
golang.org/x/net v0.25.0/go.mod h1:JkAGAh7GEvH74S6FOH42FLoXpXbE/aqXSrIQjXgsiwM=
golang.org/x/net v0.28.0 h1:a9JDOJc5GMUJ0+UDqmLT86WiEy7iWyIhz8gz8E4e5hE=
golang.org/x/net v0.28.0/go.mod h1:yqtgsTWOOnlGLG9GFRrK3++bGOUEkNBoHZc8MEDWPNg=
golang.org/x/net v0.29.0 h1:5ORfpBpCs4HzDYoodCDBbwHzdR5UrLBZ3sOnUJmFoHo=
golang.org/x/net v0.29.0/go.mod h1:gLkgy8jTGERgjzMic6DS9+SP0ajcu6Xu3Orq/SpETg0=
golang.org/x/net v0.32.0 h1:ZqPmj8Kzc+Y6e0+skZsuACbx+wzMgo5MQsJh9Qd6aYI=
golang.org/x/net v0.32.0/go.mod h1:CwU0IoeOlnQQWJ6ioyFrfRuomB8GKF6KbYXZVyeXNfs=
golang.org/x/net v0.33.0 h1:74SYHlV8BIgHIFC/LrYkOGIwL19eTYXQ5wc6TBuO36I=
golang.org/x/net v0.33.0/go.mod h1:HXLR5J+9DxmrqMwG9qjGCxZ+zKXxBru04zlTvWlWuN4=
golang.org/x/net v0.34.0 h1:Mb7Mrk043xzHgnRM88suvJFwzVrRfHEHJEl5/71CKw0=
golang.org/x/net v0.34.0/go.mod h1:di0qlW3YNM5oh6GqDGQr92MyTozJPmybPK4Ev/Gm31k=
golang.org/x/net v0.35.0 h1:T5GQRQb2y08kTAByq9L4/bz8cipCdA8FbRTXewonqY8=
golang.org/x/net v0.35.0/go.mod h1:EglIi67kWsHKlRzzVMUD93VMSWGFOMSZgxFjparz1Qk=
golang.org/x/net v0.37.0 h1:1zLorHbz+LYj7MQlSf1+2tPIIgibq2eL5xkrGk6f+2c=
golang.org/x/net v0.37.0/go.mod h1:ivrbrMbzFq5J41QOQh0siUuly180yBYtLp+CKbEaFx8=
golang.org/x/sync v0.0.0-20190423024810-112230192c58/go.mod h1:RxMgew5VJxzue5/jJTE5uejpjVlOe/izrB70Jof72aM=
golang.org/x/sync v0.0.0-20210220032951-036812b2e83c/go.mod h1:RxMgew5VJxzue5/jJTE5uejpjVlOe/izrB70Jof72aM=
golang.org/x/sync v0.0.0-20220722155255-886fb9371eb4/go.mod h1:RxMgew5VJxzue5/jJTE5uejpjVlOe/izrB70Jof72aM=
golang.org/x/sync v0.1.0/go.mod h1:RxMgew5VJxzue5/jJTE5uejpjVlOe/izrB70Jof72aM=
golang.org/x/sync v0.3.0/go.mod h1:FU7BRWz2tNW+3quACPkgCx/L+uEAv1htQ0V83Z9Rj+Y=
golang.org/x/sync v0.6.0/go.mod h1:Czt+wKu1gCyEFDUtn0jG5QVvpJ6rzVqr5aXyt9drQfk=
golang.org/x/sync v0.7.0 h1:YsImfSBoP9QPYL0xyKJPq0gcaJdG3rInoqxTWbfQu9M=
golang.org/x/sync v0.7.0/go.mod h1:Czt+wKu1gCyEFDUtn0jG5QVvpJ6rzVqr5aXyt9drQfk=
golang.org/x/sync v0.8.0 h1:3NFvSEYkUoMifnESzZl15y791HH1qU2xm6eCJU5ZPXQ=
golang.org/x/sync v0.8.0/go.mod h1:Czt+wKu1gCyEFDUtn0jG5QVvpJ6rzVqr5aXyt9drQfk=
golang.org/x/sync v0.9.0 h1:fEo0HyrW1GIgZdpbhCRO0PkJajUS5H9IFUztCgEo2jQ=
golang.org/x/sync v0.9.0/go.mod h1:Czt+wKu1gCyEFDUtn0jG5QVvpJ6rzVqr5aXyt9drQfk=
golang.org/x/sync v0.10.0 h1:3NQrjDixjgGwUOCaF8w2+VYHv0Ve/vGYSbdkTa98gmQ=
golang.org/x/sync v0.10.0/go.mod h1:Czt+wKu1gCyEFDUtn0jG5QVvpJ6rzVqr5aXyt9drQfk=
golang.org/x/sync v0.11.0 h1:GGz8+XQP4FvTTrjZPzNKTMFtSXH80RAzG+5ghFPgK9w=
golang.org/x/sync v0.11.0/go.mod h1:Czt+wKu1gCyEFDUtn0jG5QVvpJ6rzVqr5aXyt9drQfk=
golang.org/x/sync v0.12.0 h1:MHc5BpPuC30uJk597Ri8TV3CNZcTLu6B6z4lJy+g6Jw=
golang.org/x/sync v0.12.0/go.mod h1:1dzgHSNfp02xaA81J2MS99Qcpr2w7fw1gpm99rleRqA=
golang.org/x/sys v0.0.0-20190215142949-d0b11bdaac8a/go.mod h1:STP8DvDyc/dI5b8T5hshtkjS+E42TnysNCUPdjciGhY=
golang.org/x/sys v0.0.0-20201119102817-f84b799fce68/go.mod h1:h1NjWce9XRLGQEsW7wpKNCjG9DtNlClVuFLEZdDNbEs=
golang.org/x/sys v0.0.0-20210615035016-665e8c7367d1/go.mod h1:oPkhp1MJrh7nUepCBck5+mAzfO9JrbApNNgaTdGDITg=
golang.org/x/sys v0.0.0-20220520151302-bc2c85ada10a/go.mod h1:oPkhp1MJrh7nUepCBck5+mAzfO9JrbApNNgaTdGDITg=
golang.org/x/sys v0.0.0-20220722155257-8c9f86f7a55f/go.mod h1:oPkhp1MJrh7nUepCBck5+mAzfO9JrbApNNgaTdGDITg=
golang.org/x/sys v0.0.0-20220728004956-3c1f35247d10/go.mod h1:oPkhp1MJrh7nUepCBck5+mAzfO9JrbApNNgaTdGDITg=
golang.org/x/sys v0.0.0-20220811171246-fbc7d0a398ab/go.mod h1:oPkhp1MJrh7nUepCBck5+mAzfO9JrbApNNgaTdGDITg=
golang.org/x/sys v0.0.0-20221010170243-090e33056c14/go.mod h1:oPkhp1MJrh7nUepCBck5+mAzfO9JrbApNNgaTdGDITg=
golang.org/x/sys v0.5.0/go.mod h1:oPkhp1MJrh7nUepCBck5+mAzfO9JrbApNNgaTdGDITg=
golang.org/x/sys v0.6.0/go.mod h1:oPkhp1MJrh7nUepCBck5+mAzfO9JrbApNNgaTdGDITg=
golang.org/x/sys v0.7.0/go.mod h1:oPkhp1MJrh7nUepCBck5+mAzfO9JrbApNNgaTdGDITg=
golang.org/x/sys v0.8.0/go.mod h1:oPkhp1MJrh7nUepCBck5+mAzfO9JrbApNNgaTdGDITg=
golang.org/x/sys v0.12.0/go.mod h1:oPkhp1MJrh7nUepCBck5+mAzfO9JrbApNNgaTdGDITg=
golang.org/x/sys v0.16.0/go.mod h1:/VUhepiaJMQUp4+oa/7Zr1D23ma6VTLIYjOOTFZPUcA=
golang.org/x/sys v0.17.0/go.mod h1:/VUhepiaJMQUp4+oa/7Zr1D23ma6VTLIYjOOTFZPUcA=
golang.org/x/sys v0.20.0 h1:Od9JTbYCk261bKm4M/mw7AklTlFYIa0bIp9BgSm1S8Y=
golang.org/x/sys v0.20.0/go.mod h1:/VUhepiaJMQUp4+oa/7Zr1D23ma6VTLIYjOOTFZPUcA=
golang.org/x/sys v0.21.0 h1:rF+pYz3DAGSQAxAu1CbC7catZg4ebC4UIeIhKxBZvws=
golang.org/x/sys v0.21.0/go.mod h1:/VUhepiaJMQUp4+oa/7Zr1D23ma6VTLIYjOOTFZPUcA=
golang.org/x/sys v0.22.0 h1:RI27ohtqKCnwULzJLqkv897zojh5/DwS/ENaMzUOaWI=
golang.org/x/sys v0.22.0/go.mod h1:/VUhepiaJMQUp4+oa/7Zr1D23ma6VTLIYjOOTFZPUcA=
golang.org/x/sys v0.23.0 h1:YfKFowiIMvtgl1UERQoTPPToxltDeZfbj4H7dVUCwmM=
golang.org/x/sys v0.23.0/go.mod h1:/VUhepiaJMQUp4+oa/7Zr1D23ma6VTLIYjOOTFZPUcA=
golang.org/x/sys v0.25.0 h1:r+8e+loiHxRqhXVl6ML1nO3l1+oFoWbnlu2Ehimmi34=
golang.org/x/sys v0.25.0/go.mod h1:/VUhepiaJMQUp4+oa/7Zr1D23ma6VTLIYjOOTFZPUcA=
golang.org/x/sys v0.26.0 h1:KHjCJyddX0LoSTb3J+vWpupP9p0oznkqVk/IfjymZbo=
golang.org/x/sys v0.26.0/go.mod h1:/VUhepiaJMQUp4+oa/7Zr1D23ma6VTLIYjOOTFZPUcA=
golang.org/x/sys v0.27.0 h1:wBqf8DvsY9Y/2P8gAfPDEYNuS30J4lPHJxXSb/nJZ+s=
golang.org/x/sys v0.27.0/go.mod h1:/VUhepiaJMQUp4+oa/7Zr1D23ma6VTLIYjOOTFZPUcA=
golang.org/x/sys v0.28.0 h1:Fksou7UEQUWlKvIdsqzJmUmCX3cZuD2+P3XyyzwMhlA=
golang.org/x/sys v0.28.0/go.mod h1:/VUhepiaJMQUp4+oa/7Zr1D23ma6VTLIYjOOTFZPUcA=
golang.org/x/sys v0.29.0 h1:TPYlXGxvx1MGTn2GiZDhnjPA9wZzZeGKHHmKhHYvgaU=
golang.org/x/sys v0.29.0/go.mod h1:/VUhepiaJMQUp4+oa/7Zr1D23ma6VTLIYjOOTFZPUcA=
golang.org/x/sys v0.30.0 h1:QjkSwP/36a20jFYWkSue1YwXzLmsV5Gfq7Eiy72C1uc=
golang.org/x/sys v0.30.0/go.mod h1:/VUhepiaJMQUp4+oa/7Zr1D23ma6VTLIYjOOTFZPUcA=
golang.org/x/sys v0.31.0 h1:ioabZlmFYtWhL+TRYpcnNlLwhyxaM9kWTDEmfnprqik=
golang.org/x/sys v0.31.0/go.mod h1:BJP2sWEmIv4KK5OTEluFJCKSidICx8ciO85XgH3Ak8k=
golang.org/x/telemetry v0.0.0-20240228155512-f48c80bd79b2/go.mod h1:TeRTkGYfJXctD9OcfyVLyj2J3IxLnKwHJR8f4D8a3YE=
golang.org/x/term v0.0.0-20201126162022-7de9c90e9dd1/go.mod h1:bj7SfCRtBDWHUb9snDiAeCFNEtKQo2Wmx5Cou7ajbmo=
golang.org/x/term v0.0.0-20210927222741-03fcf44c2211/go.mod h1:jbD1KX2456YbFQfuXm/mYQcufACuNUgVhRMnK/tPxf8=
golang.org/x/term v0.5.0/go.mod h1:jMB1sMXY+tzblOD4FWmEbocvup2/aLOaQEp7JmGp78k=
golang.org/x/term v0.7.0/go.mod h1:P32HKFT3hSsZrRxla30E9HqToFYAQPCMs/zFMBUFqPY=
golang.org/x/term v0.8.0/go.mod h1:xPskH00ivmX89bAKVGSKKtLOWNx2+17Eiy94tnKShWo=
golang.org/x/term v0.12.0/go.mod h1:owVbMEjm3cBLCHdkQu9b1opXd4ETQWc3BhuQGKgXgvU=
golang.org/x/term v0.16.0/go.mod h1:yn7UURbUtPyrVJPGPq404EukNFxcm/foM+bV/bfcDsY=
golang.org/x/term v0.17.0/go.mod h1:lLRBjIVuehSbZlaOtGMbcMncT+aqLLLmKrsjNrUguwk=
golang.org/x/term v0.20.0/go.mod h1:8UkIAJTvZgivsXaD6/pH6U9ecQzZ45awqEOzuCvwpFY=
golang.org/x/term v0.27.0/go.mod h1:iMsnZpn0cago0GOrHO2+Y7u7JPn5AylBrcoWkElMTSM=
golang.org/x/text v0.3.0/go.mod h1:NqM8EUOU14njkJ3fqMW+pc6Ldnwhi/IjpwHt7yyuwOQ=
golang.org/x/text v0.3.3/go.mod h1:5Zoc/QRtKVWzQhOtBMvqHzDpF6irO9z98xDceosuGiQ=
golang.org/x/text v0.3.7/go.mod h1:u+2+/6zg+i71rQMx5EYifcz6MCKuco9NR6JIITiCfzQ=
golang.org/x/text v0.7.0/go.mod h1:mrYo+phRRbMaCq/xk9113O4dZlRixOauAjOtrjsXDZ8=
golang.org/x/text v0.9.0/go.mod h1:e1OnstbJyHTd6l/uOt8jFFHp6TRDWZR/bV3emEE/zU8=
golang.org/x/text v0.13.0/go.mod h1:TvPlkZtksWOMsz7fbANvkp4WM8x/WCo/om8BMLbz+aE=
golang.org/x/text v0.14.0/go.mod h1:18ZOQIKpY8NJVqYksKHtTdi31H5itFRjB5/qKTNYzSU=
golang.org/x/text v0.15.0 h1:h1V/4gjBv8v9cjcR6+AR5+/cIYK5N/WAgiv4xlsEtAk=
golang.org/x/text v0.15.0/go.mod h1:18ZOQIKpY8NJVqYksKHtTdi31H5itFRjB5/qKTNYzSU=
golang.org/x/text v0.16.0 h1:a94ExnEXNtEwYLGJSIUxnWoxoRz/ZcCsV63ROupILh4=
golang.org/x/text v0.16.0/go.mod h1:GhwF1Be+LQoKShO3cGOHzqOgRrGaYc9AvblQOmPVHnI=
golang.org/x/text v0.17.0 h1:XtiM5bkSOt+ewxlOE/aE/AKEHibwj/6gvWMl9Rsh0Qc=
golang.org/x/text v0.17.0/go.mod h1:BuEKDfySbSR4drPmRPG/7iBdf8hvFMuRexcpahXilzY=
golang.org/x/text v0.18.0 h1:XvMDiNzPAl0jr17s6W9lcaIhGUfUORdGCNsuLmPG224=
golang.org/x/text v0.18.0/go.mod h1:BuEKDfySbSR4drPmRPG/7iBdf8hvFMuRexcpahXilzY=
golang.org/x/text v0.19.0 h1:kTxAhCbGbxhK0IwgSKiMO5awPoDQ0RpfiVYBfK860YM=
golang.org/x/text v0.19.0/go.mod h1:BuEKDfySbSR4drPmRPG/7iBdf8hvFMuRexcpahXilzY=
golang.org/x/text v0.20.0 h1:gK/Kv2otX8gz+wn7Rmb3vT96ZwuoxnQlY+HlJVj7Qug=
golang.org/x/text v0.20.0/go.mod h1:D4IsuqiFMhST5bX19pQ9ikHC2GsaKyk/oF+pn3ducp4=
golang.org/x/text v0.21.0 h1:zyQAAkrwaneQ066sspRyJaG9VNi/YJ1NfzcGB3hZ/qo=
golang.org/x/text v0.21.0/go.mod h1:4IBbMaMmOPCJ8SecivzSH54+73PCFmPWxNTLm+vZkEQ=
golang.org/x/text v0.22.0 h1:bofq7m3/HAFvbF51jz3Q9wLg3jkvSPuiZu/pD1XwgtM=
golang.org/x/text v0.22.0/go.mod h1:YRoo4H8PVmsu+E3Ou7cqLVH8oXWIHVoX0jqUWALQhfY=
golang.org/x/text v0.23.0 h1:D71I7dUrlY+VX0gQShAThNGHFxZ13dGLBHQLVl1mJlY=
golang.org/x/text v0.23.0/go.mod h1:/BLNzu4aZCJ1+kcD0DNRotWKage4q2rGVAg4o22unh4=
golang.org/x/time v0.5.0 h1:o7cqy6amK/52YcAKIPlM3a+Fpj35zvRj2TP+e1xFSfk=
golang.org/x/time v0.5.0/go.mod h1:3BpzKBy/shNhVucY/MWOyx10tF3SFh9QdLuxbVysPQM=
golang.org/x/time v0.8.0 h1:9i3RxcPv3PZnitoVGMPDKZSq1xW1gK1Xy3ArNOGZfEg=
golang.org/x/time v0.8.0/go.mod h1:3BpzKBy/shNhVucY/MWOyx10tF3SFh9QdLuxbVysPQM=
golang.org/x/tools v0.0.0-20180917221912-90fa682c2a6e/go.mod h1:n7NCudcB/nEzxVGmLbDWY5pfWTLqBcC2KZ6jyYvM4mQ=
golang.org/x/tools v0.0.0-20191119224855-298f0cb1881e/go.mod h1:b+2E5dAYhXwXZwtnZ6UAqBI28+e2cm9otk0dWdXHAEo=
golang.org/x/tools v0.1.12/go.mod h1:hNGJHUnrk76NpqgfD5Aqm5Crs+Hm0VOH/i9J2+nxYbc=
golang.org/x/tools v0.6.0/go.mod h1:Xwgl3UAJ/d3gWutnCtw505GrjyAbvKui8lOU390QaIU=
golang.org/x/tools v0.13.0/go.mod h1:HvlwmtVNQAhOuCjW7xxvovg8wbNq7LwfXh/k7wXUl58=
golang.org/x/tools v0.17.0/go.mod h1:xsh6VxdV005rRVaS6SSAf9oiAqljS7UZUacMZ8Bnsps=
golang.org/x/tools v0.21.1-0.20240508182429-e35e4ccd0d2d/go.mod h1:aiJjzUbINMkxbQROHiO6hDPo2LHcIPhhQsa9DLh0yGk=
golang.org/x/xerrors v0.0.0-20190717185122-a985d3407aa7/go.mod h1:I/5z698sn9Ka8TeJc9MKroUUfqBBauWjQqLJ2OPfmY0=
gopkg.in/check.v1 v0.0.0-20161208181325-20d25e280405/go.mod h1:Co6ibVJAznAaIkqp8huTwlJQCZ016jof/cbN4VW5Yz0=
gopkg.in/check.v1 v1.0.0-20201130134442-10cb98267c6c h1:Hei/4ADfdWqJk1ZMxUNpqntNwaWcugrBjAiHlqqRiVk=
gopkg.in/check.v1 v1.0.0-20201130134442-10cb98267c6c/go.mod h1:JHkPIbrfpd72SG/EVd6muEfDQjcINNoR0C8j2r3qZ4Q=
gopkg.in/ini.v1 v1.67.0 h1:Dgnx+6+nfE+IfzjUEISNeydPJh9AXNNsWbGP9KzCsOA=
gopkg.in/ini.v1 v1.67.0/go.mod h1:pNLf8WUiyNEtQjuu5G5vTm06TEv9tsIgeAvK8hOrP4k=
gopkg.in/yaml.v2 v2.2.2/go.mod h1:hI93XBmqTisBFMUTm0b8Fm+jr3Dg1NNxqwp+5A1VGuI=
gopkg.in/yaml.v3 v3.0.0-20200313102051-9f266ea9e77c/go.mod h1:K4uyk7z7BCEPqu6E+C64Yfv1cQ7kz7rIZviUmN+EgEM=
gopkg.in/yaml.v3 v3.0.1 h1:fxVm/GzAzEWqLHuvctI91KS9hhNmmWOoWu0XTYJS7CA=
gopkg.in/yaml.v3 v3.0.1/go.mod h1:K4uyk7z7BCEPqu6E+C64Yfv1cQ7kz7rIZviUmN+EgEM=
